
Microsoft Visual Studio Solution File, Format Version 12.00
# Visual Studio Version 17
VisualStudioVersion = 17.7.34221.43
MinimumVisualStudioVersion = 10.0.40219.1
Project("{FAE04EC0-301F-11D3-BF4B-00C04F79EFBC}") = "ATMTest", "ATMTest.csproj", "{D9559EC6-2C91-4079-A9D4-B1C78EAE3B68}"
EndProject
Project("{FAE04EC0-301F-11D3-BF4B-00C04F79EFBC}") = "ATMLogic", "..\Domain\ATMLogic.csproj", "{C7088A40-7853-4987-AB7A-DBFFFED8CF67}"
EndProject
Project("{FAE04EC0-301F-11D3-BF4B-00C04F79EFBC}") = "StartWindow", "..\StartWindow\StartWindow.csproj", "{E3EB30CA-5778-4D3F-B3AA-D34F0A0E9554}"
EndProject
Global
	GlobalSection(SolutionConfigurationPlatforms) = preSolution
		Debug|Any CPU = Debug|Any CPU
		Release|Any CPU = Release|Any CPU
	EndGlobalSection
	GlobalSection(ProjectConfigurationPlatforms) = postSolution
		{D9559EC6-2C91-4079-A9D4-B1C78EAE3B68}.Debug|Any CPU.ActiveCfg = Debug|Any CPU
		{D9559EC6-2C91-4079-A9D4-B1C78EAE3B68}.Debug|Any CPU.Build.0 = Debug|Any CPU
		{D9559EC6-2C91-4079-A9D4-B1C78EAE3B68}.Release|Any CPU.ActiveCfg = Release|Any CPU
		{D9559EC6-2C91-4079-A9D4-B1C78EAE3B68}.Release|Any CPU.Build.0 = Release|Any CPU
		{C7088A40-7853-4987-AB7A-DBFFFED8CF67}.Debug|Any CPU.ActiveCfg = Debug|Any CPU
		{C7088A40-7853-4987-AB7A-DBFFFED8CF67}.Debug|Any CPU.Build.0 = Debug|Any CPU
		{C7088A40-7853-4987-AB7A-DBFFFED8CF67}.Release|Any CPU.ActiveCfg = Release|Any CPU
		{C7088A40-7853-4987-AB7A-DBFFFED8CF67}.Release|Any CPU.Build.0 = Release|Any CPU
		{E3EB30CA-5778-4D3F-B3AA-D34F0A0E9554}.Debug|Any CPU.ActiveCfg = Release|Any CPU
		{E3EB30CA-5778-4D3F-B3AA-D34F0A0E9554}.Debug|Any CPU.Build.0 = Release|Any CPU
		{E3EB30CA-5778-4D3F-B3AA-D34F0A0E9554}.Release|Any CPU.ActiveCfg = Release|Any CPU
		{E3EB30CA-5778-4D3F-B3AA-D34F0A0E9554}.Release|Any CPU.Build.0 = Release|Any CPU
	EndGlobalSection
	GlobalSection(SolutionProperties) = preSolution
		HideSolutionNode = FALSE
	EndGlobalSection
	GlobalSection(ExtensibilityGlobals) = postSolution
		SolutionGuid = {D8165659-A48D-492D-A6CB-589AE0DB2788}
	EndGlobalSection
EndGlobal
